// !$*UTF8*$!
{
	archiveVersion = 1;
	classes = {
	};
	objectVersion = 51;
	objects = {

/* Begin PBXBuildFile section */
		053918DDE68C3F5481BB4782 /* Pods_FMS.framework in Frameworks */ = {isa = PBXBuildFile; fileRef = 1085DFD258C24FDF8B98CEA7 /* Pods_FMS.framework */; };
		521132392614467800BE4592 /* GetSingleSection.swift in Sources */ = {isa = PBXBuildFile; fileRef = 521132382614467800BE4592 /* GetSingleSection.swift */; };
		52178BA225F690ED001E9C14 /* TabBarController.swift in Sources */ = {isa = PBXBuildFile; fileRef = 52178BA125F690ED001E9C14 /* TabBarController.swift */; };
		521AD97126157F3F006E18FA /* EditingCategoryVC.swift in Sources */ = {isa = PBXBuildFile; fileRef = 521AD97026157F3F006E18FA /* EditingCategoryVC.swift */; };
		521AD974261581F5006E18FA /* CategoryByIDModel.swift in Sources */ = {isa = PBXBuildFile; fileRef = 521AD973261581F5006E18FA /* CategoryByIDModel.swift */; };
		521F37A425F0B45D00B3E7D2 /* OpenSans-Bold.ttf in Resources */ = {isa = PBXBuildFile; fileRef = 521F37A325F0B45D00B3E7D2 /* OpenSans-Bold.ttf */; };
		521F37A725F0B69000B3E7D2 /* OpenSans-Regular.ttf in Resources */ = {isa = PBXBuildFile; fileRef = 521F37A625F0B69000B3E7D2 /* OpenSans-Regular.ttf */; };
		521F37AA25F0B6AB00B3E7D2 /* OpenSans-SemiBold.ttf in Resources */ = {isa = PBXBuildFile; fileRef = 521F37A925F0B6AB00B3E7D2 /* OpenSans-SemiBold.ttf */; };
		52201E032601D89500334E21 /* UserAddingVC.swift in Sources */ = {isa = PBXBuildFile; fileRef = 52201E022601D89500334E21 /* UserAddingVC.swift */; };
		52201E062601DDD100334E21 /* UserEditingVC.swift in Sources */ = {isa = PBXBuildFile; fileRef = 52201E052601DDD100334E21 /* UserEditingVC.swift */; };
		5220E57C25EE2C470077EB07 /* MainCVC.swift in Sources */ = {isa = PBXBuildFile; fileRef = 5220E57A25EE2C470077EB07 /* MainCVC.swift */; };
		5220E57D25EE2C470077EB07 /* MainCVC.xib in Resources */ = {isa = PBXBuildFile; fileRef = 5220E57B25EE2C470077EB07 /* MainCVC.xib */; };
		5225FE4225F347D700CF4009 /* ApiCalling.swift in Sources */ = {isa = PBXBuildFile; fileRef = 5225FE4125F347D700CF4009 /* ApiCalling.swift */; };
		52271FEE260077BF00080BB2 /* UserCellModel.swift in Sources */ = {isa = PBXBuildFile; fileRef = 52271FED260077BF00080BB2 /* UserCellModel.swift */; };
		522A6ABA260507F000F638FB /* IncOutBalModel.swift in Sources */ = {isa = PBXBuildFile; fileRef = 522A6AB9260507F000F638FB /* IncOutBalModel.swift */; };
		522B24EC26045696005BBFFC /* NetworkGetAllUsers.swift in Sources */ = {isa = PBXBuildFile; fileRef = 522B24EB26045696005BBFFC /* NetworkGetAllUsers.swift */; };
		522B24EF2604575A005BBFFC /* AllUsersModel.swift in Sources */ = {isa = PBXBuildFile; fileRef = 522B24EE2604575A005BBFFC /* AllUsersModel.swift */; };
		522B24F22604659B005BBFFC /* NetworkCreateTransaction.swift in Sources */ = {isa = PBXBuildFile; fileRef = 522B24F12604659B005BBFFC /* NetworkCreateTransaction.swift */; };
		52372772260EF34900FA6247 /* DeleteProject.swift in Sources */ = {isa = PBXBuildFile; fileRef = 52372771260EF34900FA6247 /* DeleteProject.swift */; };
		52372775260EF44500FA6247 /* UpdateProject.swift in Sources */ = {isa = PBXBuildFile; fileRef = 52372774260EF44500FA6247 /* UpdateProject.swift */; };
		52396F4C26006FA300562103 /* UserTBCell.swift in Sources */ = {isa = PBXBuildFile; fileRef = 52396F4A26006FA300562103 /* UserTBCell.swift */; };
		52396F4D26006FA300562103 /* UserTBCell.xib in Resources */ = {isa = PBXBuildFile; fileRef = 52396F4B26006FA300562103 /* UserTBCell.xib */; };
		5239ED9E26329ECE003F8705 /* DeletingHistory.swift in Sources */ = {isa = PBXBuildFile; fileRef = 5239ED9D26329ECE003F8705 /* DeletingHistory.swift */; };
		523FDF31262B2AB70099F360 /* AContractorModel.swift in Sources */ = {isa = PBXBuildFile; fileRef = 523FDF30262B2AB70099F360 /* AContractorModel.swift */; };
		5242996B260F1BE00081293C /* WalletsVC.swift in Sources */ = {isa = PBXBuildFile; fileRef = 5242996A260F1BE00081293C /* WalletsVC.swift */; };
		5242996F260F1D910081293C /* WalletTVCell.swift in Sources */ = {isa = PBXBuildFile; fileRef = 5242996D260F1D910081293C /* WalletTVCell.swift */; };
		52429970260F1D910081293C /* WalletTVCell.xib in Resources */ = {isa = PBXBuildFile; fileRef = 5242996E260F1D910081293C /* WalletTVCell.xib */; };
		52429973260F201F0081293C /* GetAllWallets.swift in Sources */ = {isa = PBXBuildFile; fileRef = 52429972260F201F0081293C /* GetAllWallets.swift */; };
		52429976260F236B0081293C /* AddingWalletVC.swift in Sources */ = {isa = PBXBuildFile; fileRef = 52429975260F236B0081293C /* AddingWalletVC.swift */; };
		52429979260F25C70081293C /* CreateWallet.swift in Sources */ = {isa = PBXBuildFile; fileRef = 52429978260F25C70081293C /* CreateWallet.swift */; };
		5242997C260F28FE0081293C /* EditingWalletsVC.swift in Sources */ = {isa = PBXBuildFile; fileRef = 5242997B260F28FE0081293C /* EditingWalletsVC.swift */; };
		5242997F260F2A5A0081293C /* GetSingleWalletByID.swift in Sources */ = {isa = PBXBuildFile; fileRef = 5242997E260F2A5A0081293C /* GetSingleWalletByID.swift */; };
		52429983260F2CBD0081293C /* DeleteWalletByID.swift in Sources */ = {isa = PBXBuildFile; fileRef = 52429982260F2CBD0081293C /* DeleteWalletByID.swift */; };
		52429987260F2DA90081293C /* UpdateWalletByID.swift in Sources */ = {isa = PBXBuildFile; fileRef = 52429986260F2DA90081293C /* UpdateWalletByID.swift */; };
		52433D30261327A900633AA1 /* CategoryTVCell.swift in Sources */ = {isa = PBXBuildFile; fileRef = 52433D2E261327A900633AA1 /* CategoryTVCell.swift */; };
		52433D31261327A900633AA1 /* CategoryTVCell.xib in Resources */ = {isa = PBXBuildFile; fileRef = 52433D2F261327A900633AA1 /* CategoryTVCell.xib */; };
		524365CB260C73E6005A5D09 /* CounterPartVC.swift in Sources */ = {isa = PBXBuildFile; fileRef = 524365CA260C73E6005A5D09 /* CounterPartVC.swift */; };
		524365D0260C75A2005A5D09 /* CounterPartTBCell.swift in Sources */ = {isa = PBXBuildFile; fileRef = 524365CE260C75A2005A5D09 /* CounterPartTBCell.swift */; };
		524365D1260C75A2005A5D09 /* CounterPartTBCell.xib in Resources */ = {isa = PBXBuildFile; fileRef = 524365CF260C75A2005A5D09 /* CounterPartTBCell.xib */; };
		524365D4260C77A2005A5D09 /* CounterPartModel.swift in Sources */ = {isa = PBXBuildFile; fileRef = 524365D3260C77A2005A5D09 /* CounterPartModel.swift */; };
		524365D8260C7EB2005A5D09 /* GetAllCounterParts.swift in Sources */ = {isa = PBXBuildFile; fileRef = 524365D7260C7EB2005A5D09 /* GetAllCounterParts.swift */; };
		524365DE260C8260005A5D09 /* AddingCounterPartVC.swift in Sources */ = {isa = PBXBuildFile; fileRef = 524365DD260C8260005A5D09 /* AddingCounterPartVC.swift */; };
		5244A6C1260C896A00F4C991 /* CreateCounterPart.swift in Sources */ = {isa = PBXBuildFile; fileRef = 5244A6C0260C896A00F4C991 /* CreateCounterPart.swift */; };
		5244A6C4260C90D200F4C991 /* EditingCounterPartVC.swift in Sources */ = {isa = PBXBuildFile; fileRef = 5244A6C3260C90D200F4C991 /* EditingCounterPartVC.swift */; };
		5244A6C7260C94A800F4C991 /* GetCounterPartByID.swift in Sources */ = {isa = PBXBuildFile; fileRef = 5244A6C6260C94A800F4C991 /* GetCounterPartByID.swift */; };
		5244A6CA260C965000F4C991 /* DeleteCounterPart.swift in Sources */ = {isa = PBXBuildFile; fileRef = 5244A6C9260C965000F4C991 /* DeleteCounterPart.swift */; };
		524CA54D2613138C006CFFF0 /* SectionsVC.swift in Sources */ = {isa = PBXBuildFile; fileRef = 524CA54C2613138C006CFFF0 /* SectionsVC.swift */; };
		524CA55126131616006CFFF0 /* SectionTVCell.swift in Sources */ = {isa = PBXBuildFile; fileRef = 524CA54F26131616006CFFF0 /* SectionTVCell.swift */; };
		524CA55226131616006CFFF0 /* SectionTVCell.xib in Resources */ = {isa = PBXBuildFile; fileRef = 524CA55026131616006CFFF0 /* SectionTVCell.xib */; };
		524CA5552613187A006CFFF0 /* GetAllSections.swift in Sources */ = {isa = PBXBuildFile; fileRef = 524CA5542613187A006CFFF0 /* GetAllSections.swift */; };
		524CF8112609B827000E3768 /* UpdatingTransaction.swift in Sources */ = {isa = PBXBuildFile; fileRef = 524CF8102609B827000E3768 /* UpdatingTransaction.swift */; };
		524CF8142609DB2C000E3768 /* GetAndUpdateUser.swift in Sources */ = {isa = PBXBuildFile; fileRef = 524CF8132609DB2C000E3768 /* GetAndUpdateUser.swift */; };
		524CF8172609E300000E3768 /* GetSessionUser.swift in Sources */ = {isa = PBXBuildFile; fileRef = 524CF8162609E300000E3768 /* GetSessionUser.swift */; };
		524CF81A2609E3C1000E3768 /* SingleUser.swift in Sources */ = {isa = PBXBuildFile; fileRef = 524CF8192609E3C1000E3768 /* SingleUser.swift */; };
		524D6EFF260EEAFF0032CA07 /* EditingProjectsVC.swift in Sources */ = {isa = PBXBuildFile; fileRef = 524D6EFE260EEAFF0032CA07 /* EditingProjectsVC.swift */; };
		524D6F02260EEE630032CA07 /* GetSingleProjectByID.swift in Sources */ = {isa = PBXBuildFile; fileRef = 524D6F01260EEE630032CA07 /* GetSingleProjectByID.swift */; };
		5251A55A25EF566E00546F71 /* MainViewController.swift in Sources */ = {isa = PBXBuildFile; fileRef = 5251A55925EF566E00546F71 /* MainViewController.swift */; };
		5251A55F25EF5C0A00546F71 /* Constants.swift in Sources */ = {isa = PBXBuildFile; fileRef = 5251A55E25EF5C0A00546F71 /* Constants.swift */; };
		5251A56925EF5D9600546F71 /* MainCVCModel.swift in Sources */ = {isa = PBXBuildFile; fileRef = 5251A56825EF5D9600546F71 /* MainCVCModel.swift */; };
		5251B42D25FB7374008A2E22 /* FilterVC.swift in Sources */ = {isa = PBXBuildFile; fileRef = 5251B42C25FB7374008A2E22 /* FilterVC.swift */; };
		5252796925EDFE06001FF2CE /* AppDelegate.swift in Sources */ = {isa = PBXBuildFile; fileRef = 5252796825EDFE06001FF2CE /* AppDelegate.swift */; };
		5252796B25EDFE06001FF2CE /* SceneDelegate.swift in Sources */ = {isa = PBXBuildFile; fileRef = 5252796A25EDFE06001FF2CE /* SceneDelegate.swift */; };
		5252797025EDFE06001FF2CE /* Main.storyboard in Resources */ = {isa = PBXBuildFile; fileRef = 5252796E25EDFE06001FF2CE /* Main.storyboard */; };
		5252797525EDFE06001FF2CE /* LaunchScreen.storyboard in Resources */ = {isa = PBXBuildFile; fileRef = 5252797325EDFE06001FF2CE /* LaunchScreen.storyboard */; };
		5253A97225FF2C5B00449916 /* DirectionModel.swift in Sources */ = {isa = PBXBuildFile; fileRef = 5253A97125FF2C5B00449916 /* DirectionModel.swift */; };
		5253A97D25FF5EC300449916 /* Assets.xcassets in Resources */ = {isa = PBXBuildFile; fileRef = 5253A97C25FF5EC200449916 /* Assets.xcassets */; };
		525464AB260DBE080089B03A /* UpdateCounterPartByID.swift in Sources */ = {isa = PBXBuildFile; fileRef = 525464AA260DBE080089B03A /* UpdateCounterPartByID.swift */; };
		525464B3260DC3B90089B03A /* ProjectsVC.swift in Sources */ = {isa = PBXBuildFile; fileRef = 525464B2260DC3B90089B03A /* ProjectsVC.swift */; };
		525464B7260DC60C0089B03A /* ProjectTVCell.swift in Sources */ = {isa = PBXBuildFile; fileRef = 525464B5260DC60C0089B03A /* ProjectTVCell.swift */; };
		525464B8260DC60C0089B03A /* ProjectTVCell.xib in Resources */ = {isa = PBXBuildFile; fileRef = 525464B6260DC60C0089B03A /* ProjectTVCell.xib */; };
		525464C3260DC92D0089B03A /* GetAllProjects.swift in Sources */ = {isa = PBXBuildFile; fileRef = 525464C2260DC92D0089B03A /* GetAllProjects.swift */; };
		525464C6260DDDAB0089B03A /* AddingProjectVC.swift in Sources */ = {isa = PBXBuildFile; fileRef = 525464C5260DDDAB0089B03A /* AddingProjectVC.swift */; };
		525464C9260DE0D10089B03A /* CreateProject.swift in Sources */ = {isa = PBXBuildFile; fileRef = 525464C8260DE0D10089B03A /* CreateProject.swift */; };
		52586CCC2615962A0065E5F3 /* HistoryModel.swift in Sources */ = {isa = PBXBuildFile; fileRef = 52586CCB2615962A0065E5F3 /* HistoryModel.swift */; };
		52586CCF261596520065E5F3 /* FetchingAllActions.swift in Sources */ = {isa = PBXBuildFile; fileRef = 52586CCE261596520065E5F3 /* FetchingAllActions.swift */; };
		5259D61326298B73004B3DC2 /* SectionModel.swift in Sources */ = {isa = PBXBuildFile; fileRef = 5259D61226298B73004B3DC2 /* SectionModel.swift */; };
		525C955F2608B2A400083965 /* TransferByID.swift in Sources */ = {isa = PBXBuildFile; fileRef = 525C955E2608B2A400083965 /* TransferByID.swift */; };
		5262BDC22603605400709939 /* CategoryModel.swift in Sources */ = {isa = PBXBuildFile; fileRef = 5262BDC12603605400709939 /* CategoryModel.swift */; };
		5262BDC52603628700709939 /* ProjectModel.swift in Sources */ = {isa = PBXBuildFile; fileRef = 5262BDC42603628700709939 /* ProjectModel.swift */; };
		5264509D2614D23D0007D86C /* UpdateSectionByID.swift in Sources */ = {isa = PBXBuildFile; fileRef = 5264509C2614D23D0007D86C /* UpdateSectionByID.swift */; };
		526450A02614D47E0007D86C /* DirectionByIDModel.swift in Sources */ = {isa = PBXBuildFile; fileRef = 5264509F2614D47E0007D86C /* DirectionByIDModel.swift */; };
		526450A32614D9140007D86C /* CreateCategory.swift in Sources */ = {isa = PBXBuildFile; fileRef = 526450A22614D9140007D86C /* CreateCategory.swift */; };
		526450A62614D92F0007D86C /* GetSingleCategoryByID.swift in Sources */ = {isa = PBXBuildFile; fileRef = 526450A52614D92F0007D86C /* GetSingleCategoryByID.swift */; };
		526450A92614D93E0007D86C /* DeleteCategoryByID.swift in Sources */ = {isa = PBXBuildFile; fileRef = 526450A82614D93E0007D86C /* DeleteCategoryByID.swift */; };
		526450AC2614D9520007D86C /* UpdateCategoryByID.swift in Sources */ = {isa = PBXBuildFile; fileRef = 526450AB2614D9520007D86C /* UpdateCategoryByID.swift */; };
		526450B02614DD970007D86C /* AddingCategoryVC.swift in Sources */ = {isa = PBXBuildFile; fileRef = 526450AF2614DD970007D86C /* AddingCategoryVC.swift */; };
		5266437B25F5D69D0032499D /* AddingVC.swift in Sources */ = {isa = PBXBuildFile; fileRef = 5266437A25F5D69D0032499D /* AddingVC.swift */; };
		5266438525F5D72C0032499D /* SettingsVC.swift in Sources */ = {isa = PBXBuildFile; fileRef = 5266438425F5D72C0032499D /* SettingsVC.swift */; };
		5266438925F5D78C0032499D /* UsersVC.swift in Sources */ = {isa = PBXBuildFile; fileRef = 5266438825F5D78C0032499D /* UsersVC.swift */; };
		5266438D25F5D7C90032499D /* AnaliticsVC.swift in Sources */ = {isa = PBXBuildFile; fileRef = 5266438C25F5D7C90032499D /* AnaliticsVC.swift */; };
		5266439025F5DF100032499D /* FetchingTransactions.swift in Sources */ = {isa = PBXBuildFile; fileRef = 5266438F25F5DF100032499D /* FetchingTransactions.swift */; };
		5266F09925FA1CE200403D22 /* TransactionModel.swift in Sources */ = {isa = PBXBuildFile; fileRef = 5266F09825FA1CE200403D22 /* TransactionModel.swift */; };
		527D60332608526F00620859 /* FetchingAndDeletingTransactions.swift in Sources */ = {isa = PBXBuildFile; fileRef = 527D60322608526F00620859 /* FetchingAndDeletingTransactions.swift */; };
		527D603826085BEA00620859 /* TransactionByID.swift in Sources */ = {isa = PBXBuildFile; fileRef = 527D603726085BEA00620859 /* TransactionByID.swift */; };
		5284800225FCACF900D82D8F /* FilterModel.swift in Sources */ = {isa = PBXBuildFile; fileRef = 5284800125FCACF900D82D8F /* FilterModel.swift */; };
		5284800525FCB91D00D82D8F /* FetchingDataFilterScreen.swift in Sources */ = {isa = PBXBuildFile; fileRef = 5284800425FCB91D00D82D8F /* FetchingDataFilterScreen.swift */; };
		5284800825FCBB8100D82D8F /* WalletModel.swift in Sources */ = {isa = PBXBuildFile; fileRef = 5284800725FCBB8100D82D8F /* WalletModel.swift */; };
		5284800B25FCBEB600D82D8F /* CounterAgentsModel.swift in Sources */ = {isa = PBXBuildFile; fileRef = 5284800A25FCBEB600D82D8F /* CounterAgentsModel.swift */; };
		528A70B5261ECEE50000B3AB /* AProjectsModel.swift in Sources */ = {isa = PBXBuildFile; fileRef = 528A70B4261ECEE50000B3AB /* AProjectsModel.swift */; };
		52927083261C15DC00252E22 /* AnalyticsNetworking.swift in Sources */ = {isa = PBXBuildFile; fileRef = 52927082261C15DC00252E22 /* AnalyticsNetworking.swift */; };
		5295635B2614C9C8006A6162 /* EditingSectionVC.swift in Sources */ = {isa = PBXBuildFile; fileRef = 5295635A2614C9C8006A6162 /* EditingSectionVC.swift */; };
		5295635E2614CE22006A6162 /* DeleteSectionByID.swift in Sources */ = {isa = PBXBuildFile; fileRef = 5295635D2614CE22006A6162 /* DeleteSectionByID.swift */; };
		5297CE8326118B9E002AFA1A /* AdapterAndRetrier.swift in Sources */ = {isa = PBXBuildFile; fileRef = 5297CE8226118B9E002AFA1A /* AdapterAndRetrier.swift */; };
		529B86F32614427E00979E1E /* AddingSectionVC.swift in Sources */ = {isa = PBXBuildFile; fileRef = 529B86F22614427E00979E1E /* AddingSectionVC.swift */; };
		529B86FC2614461700979E1E /* CreateSection.swift in Sources */ = {isa = PBXBuildFile; fileRef = 529B86FB2614461700979E1E /* CreateSection.swift */; };
		52AE32BA260311490078D76F /* NetworkCreateUser.swift in Sources */ = {isa = PBXBuildFile; fileRef = 52AE32B9260311490078D76F /* NetworkCreateUser.swift */; };
		52CC2BB825F3656400DAA708 /* TabBarViewController.swift in Sources */ = {isa = PBXBuildFile; fileRef = 52CC2BB725F3656400DAA708 /* TabBarViewController.swift */; };
		52E5090425F211F80086DF17 /* LoginVC.swift in Sources */ = {isa = PBXBuildFile; fileRef = 52E5090325F211F80086DF17 /* LoginVC.swift */; };
		52E5090725F212160086DF17 /* ForgotVC.swift in Sources */ = {isa = PBXBuildFile; fileRef = 52E5090625F212160086DF17 /* ForgotVC.swift */; };
		52E8B6C025F9E199002D62A0 /* EditingTransactionsVC.swift in Sources */ = {isa = PBXBuildFile; fileRef = 52E8B6BF25F9E199002D62A0 /* EditingTransactionsVC.swift */; };
		52E8B6C525F9E7C0002D62A0 /* EditingTransferVC.swift in Sources */ = {isa = PBXBuildFile; fileRef = 52E8B6C425F9E7C0002D62A0 /* EditingTransferVC.swift */; };
		52E9EC3426145F0500E8E8F4 /* HistoryVC.swift in Sources */ = {isa = PBXBuildFile; fileRef = 52E9EC3326145F0500E8E8F4 /* HistoryVC.swift */; };
		52E9EC392614740100E8E8F4 /* HistoryCVCell.swift in Sources */ = {isa = PBXBuildFile; fileRef = 52E9EC372614740100E8E8F4 /* HistoryCVCell.swift */; };
		52E9EC3A2614740100E8E8F4 /* HistoryCVCell.xib in Resources */ = {isa = PBXBuildFile; fileRef = 52E9EC382614740100E8E8F4 /* HistoryCVCell.xib */; };
		52F4BA61261D9FED00DFC1DF /* AnalyticsFiltrationVC.swift in Sources */ = {isa = PBXBuildFile; fileRef = 52F4BA60261D9FED00DFC1DF /* AnalyticsFiltrationVC.swift */; };
/* End PBXBuildFile section */

/* Begin PBXFileReference section */
		03FF12DAF1FB29727092CC34 /* Pods-FMS.debug.xcconfig */ = {isa = PBXFileReference; includeInIndex = 1; lastKnownFileType = text.xcconfig; name = "Pods-FMS.debug.xcconfig"; path = "Target Support Files/Pods-FMS/Pods-FMS.debug.xcconfig"; sourceTree = "<group>"; };
		1085DFD258C24FDF8B98CEA7 /* Pods_FMS.framework */ = {isa = PBXFileReference; explicitFileType = wrapper.framework; includeInIndex = 0; path = Pods_FMS.framework; sourceTree = BUILT_PRODUCTS_DIR; };
		521132382614467800BE4592 /* GetSingleSection.swift */ = {isa = PBXFileReference; lastKnownFileType = sourcecode.swift; path = GetSingleSection.swift; sourceTree = "<group>"; };
		52178BA125F690ED001E9C14 /* TabBarController.swift */ = {isa = PBXFileReference; lastKnownFileType = sourcecode.swift; path = TabBarController.swift; sourceTree = "<group>"; };
		521AD97026157F3F006E18FA /* EditingCategoryVC.swift */ = {isa = PBXFileReference; lastKnownFileType = sourcecode.swift; path = EditingCategoryVC.swift; sourceTree = "<group>"; };
		521AD973261581F5006E18FA /* CategoryByIDModel.swift */ = {isa = PBXFileReference; lastKnownFileType = sourcecode.swift; path = CategoryByIDModel.swift; sourceTree = "<group>"; };
		521F37A325F0B45D00B3E7D2 /* OpenSans-Bold.ttf */ = {isa = PBXFileReference; lastKnownFileType = file; path = "OpenSans-Bold.ttf"; sourceTree = "<group>"; };
		521F37A625F0B69000B3E7D2 /* OpenSans-Regular.ttf */ = {isa = PBXFileReference; lastKnownFileType = file; path = "OpenSans-Regular.ttf"; sourceTree = "<group>"; };
		521F37A925F0B6AB00B3E7D2 /* OpenSans-SemiBold.ttf */ = {isa = PBXFileReference; lastKnownFileType = file; path = "OpenSans-SemiBold.ttf"; sourceTree = "<group>"; };
		52201E022601D89500334E21 /* UserAddingVC.swift */ = {isa = PBXFileReference; lastKnownFileType = sourcecode.swift; path = UserAddingVC.swift; sourceTree = "<group>"; };
		52201E052601DDD100334E21 /* UserEditingVC.swift */ = {isa = PBXFileReference; lastKnownFileType = sourcecode.swift; path = UserEditingVC.swift; sourceTree = "<group>"; };
		5220E57A25EE2C470077EB07 /* MainCVC.swift */ = {isa = PBXFileReference; lastKnownFileType = sourcecode.swift; path = MainCVC.swift; sourceTree = "<group>"; };
		5220E57B25EE2C470077EB07 /* MainCVC.xib */ = {isa = PBXFileReference; lastKnownFileType = file.xib; path = MainCVC.xib; sourceTree = "<group>"; };
		5225FE4125F347D700CF4009 /* ApiCalling.swift */ = {isa = PBXFileReference; lastKnownFileType = sourcecode.swift; path = ApiCalling.swift; sourceTree = "<group>"; };
		52271FED260077BF00080BB2 /* UserCellModel.swift */ = {isa = PBXFileReference; lastKnownFileType = sourcecode.swift; name = UserCellModel.swift; path = "FMS/Screens/Users Screen/TableView Cell/UserCellModel.swift"; sourceTree = SOURCE_ROOT; };
		522A6AB9260507F000F638FB /* IncOutBalModel.swift */ = {isa = PBXFileReference; lastKnownFileType = sourcecode.swift; path = IncOutBalModel.swift; sourceTree = "<group>"; };
		522B24EB26045696005BBFFC /* NetworkGetAllUsers.swift */ = {isa = PBXFileReference; lastKnownFileType = sourcecode.swift; name = NetworkGetAllUsers.swift; path = "FMS/Screens/Users Screen/Networking/NetworkGetAllUsers.swift"; sourceTree = SOURCE_ROOT; };
		522B24EE2604575A005BBFFC /* AllUsersModel.swift */ = {isa = PBXFileReference; lastKnownFileType = sourcecode.swift; name = AllUsersModel.swift; path = "FMS/Screens/Filter Screen/Models/AllUsersModel.swift"; sourceTree = SOURCE_ROOT; };
		522B24F12604659B005BBFFC /* NetworkCreateTransaction.swift */ = {isa = PBXFileReference; lastKnownFileType = sourcecode.swift; name = NetworkCreateTransaction.swift; path = "FMS/Screens/Filter Screen/Models/NetworkCreateTransaction.swift"; sourceTree = SOURCE_ROOT; };
		52372771260EF34900FA6247 /* DeleteProject.swift */ = {isa = PBXFileReference; lastKnownFileType = sourcecode.swift; path = DeleteProject.swift; sourceTree = "<group>"; };
		52372774260EF44500FA6247 /* UpdateProject.swift */ = {isa = PBXFileReference; lastKnownFileType = sourcecode.swift; path = UpdateProject.swift; sourceTree = "<group>"; };
		52396F4A26006FA300562103 /* UserTBCell.swift */ = {isa = PBXFileReference; lastKnownFileType = sourcecode.swift; path = UserTBCell.swift; sourceTree = "<group>"; };
		52396F4B26006FA300562103 /* UserTBCell.xib */ = {isa = PBXFileReference; lastKnownFileType = file.xib; path = UserTBCell.xib; sourceTree = "<group>"; };
		5239ED9D26329ECE003F8705 /* DeletingHistory.swift */ = {isa = PBXFileReference; lastKnownFileType = sourcecode.swift; path = DeletingHistory.swift; sourceTree = "<group>"; };
		523FDF30262B2AB70099F360 /* AContractorModel.swift */ = {isa = PBXFileReference; lastKnownFileType = sourcecode.swift; path = AContractorModel.swift; sourceTree = "<group>"; };
		5242996A260F1BE00081293C /* WalletsVC.swift */ = {isa = PBXFileReference; lastKnownFileType = sourcecode.swift; path = WalletsVC.swift; sourceTree = "<group>"; };
		5242996D260F1D910081293C /* WalletTVCell.swift */ = {isa = PBXFileReference; lastKnownFileType = sourcecode.swift; path = WalletTVCell.swift; sourceTree = "<group>"; };
		5242996E260F1D910081293C /* WalletTVCell.xib */ = {isa = PBXFileReference; lastKnownFileType = file.xib; path = WalletTVCell.xib; sourceTree = "<group>"; };
		52429972260F201F0081293C /* GetAllWallets.swift */ = {isa = PBXFileReference; lastKnownFileType = sourcecode.swift; path = GetAllWallets.swift; sourceTree = "<group>"; };
		52429975260F236B0081293C /* AddingWalletVC.swift */ = {isa = PBXFileReference; lastKnownFileType = sourcecode.swift; path = AddingWalletVC.swift; sourceTree = "<group>"; };
		52429978260F25C70081293C /* CreateWallet.swift */ = {isa = PBXFileReference; lastKnownFileType = sourcecode.swift; path = CreateWallet.swift; sourceTree = "<group>"; };
		5242997B260F28FE0081293C /* EditingWalletsVC.swift */ = {isa = PBXFileReference; lastKnownFileType = sourcecode.swift; path = EditingWalletsVC.swift; sourceTree = "<group>"; };
		5242997E260F2A5A0081293C /* GetSingleWalletByID.swift */ = {isa = PBXFileReference; lastKnownFileType = sourcecode.swift; path = GetSingleWalletByID.swift; sourceTree = "<group>"; };
		52429982260F2CBD0081293C /* DeleteWalletByID.swift */ = {isa = PBXFileReference; lastKnownFileType = sourcecode.swift; path = DeleteWalletByID.swift; sourceTree = "<group>"; };
		52429986260F2DA90081293C /* UpdateWalletByID.swift */ = {isa = PBXFileReference; lastKnownFileType = sourcecode.swift; path = UpdateWalletByID.swift; sourceTree = "<group>"; };
		52433D2E261327A900633AA1 /* CategoryTVCell.swift */ = {isa = PBXFileReference; lastKnownFileType = sourcecode.swift; path = CategoryTVCell.swift; sourceTree = "<group>"; };
		52433D2F261327A900633AA1 /* CategoryTVCell.xib */ = {isa = PBXFileReference; lastKnownFileType = file.xib; path = CategoryTVCell.xib; sourceTree = "<group>"; };
		524365CA260C73E6005A5D09 /* CounterPartVC.swift */ = {isa = PBXFileReference; lastKnownFileType = sourcecode.swift; path = CounterPartVC.swift; sourceTree = "<group>"; };
		524365CE260C75A2005A5D09 /* CounterPartTBCell.swift */ = {isa = PBXFileReference; lastKnownFileType = sourcecode.swift; path = CounterPartTBCell.swift; sourceTree = "<group>"; };
		524365CF260C75A2005A5D09 /* CounterPartTBCell.xib */ = {isa = PBXFileReference; lastKnownFileType = file.xib; path = CounterPartTBCell.xib; sourceTree = "<group>"; };
		524365D3260C77A2005A5D09 /* CounterPartModel.swift */ = {isa = PBXFileReference; lastKnownFileType = sourcecode.swift; path = CounterPartModel.swift; sourceTree = "<group>"; };
		524365D7260C7EB2005A5D09 /* GetAllCounterParts.swift */ = {isa = PBXFileReference; lastKnownFileType = sourcecode.swift; path = GetAllCounterParts.swift; sourceTree = "<group>"; };
		524365DD260C8260005A5D09 /* AddingCounterPartVC.swift */ = {isa = PBXFileReference; lastKnownFileType = sourcecode.swift; path = AddingCounterPartVC.swift; sourceTree = "<group>"; };
		5244A6C0260C896A00F4C991 /* CreateCounterPart.swift */ = {isa = PBXFileReference; lastKnownFileType = sourcecode.swift; path = CreateCounterPart.swift; sourceTree = "<group>"; };
		5244A6C3260C90D200F4C991 /* EditingCounterPartVC.swift */ = {isa = PBXFileReference; lastKnownFileType = sourcecode.swift; path = EditingCounterPartVC.swift; sourceTree = "<group>"; };
		5244A6C6260C94A800F4C991 /* GetCounterPartByID.swift */ = {isa = PBXFileReference; lastKnownFileType = sourcecode.swift; path = GetCounterPartByID.swift; sourceTree = "<group>"; };
		5244A6C9260C965000F4C991 /* DeleteCounterPart.swift */ = {isa = PBXFileReference; lastKnownFileType = sourcecode.swift; path = DeleteCounterPart.swift; sourceTree = "<group>"; };
		524CA54C2613138C006CFFF0 /* SectionsVC.swift */ = {isa = PBXFileReference; lastKnownFileType = sourcecode.swift; path = SectionsVC.swift; sourceTree = "<group>"; };
		524CA54F26131616006CFFF0 /* SectionTVCell.swift */ = {isa = PBXFileReference; lastKnownFileType = sourcecode.swift; path = SectionTVCell.swift; sourceTree = "<group>"; };
		524CA55026131616006CFFF0 /* SectionTVCell.xib */ = {isa = PBXFileReference; lastKnownFileType = file.xib; path = SectionTVCell.xib; sourceTree = "<group>"; };
		524CA5542613187A006CFFF0 /* GetAllSections.swift */ = {isa = PBXFileReference; lastKnownFileType = sourcecode.swift; path = GetAllSections.swift; sourceTree = "<group>"; };
		524CF8102609B827000E3768 /* UpdatingTransaction.swift */ = {isa = PBXFileReference; lastKnownFileType = sourcecode.swift; path = UpdatingTransaction.swift; sourceTree = "<group>"; };
		524CF8132609DB2C000E3768 /* GetAndUpdateUser.swift */ = {isa = PBXFileReference; lastKnownFileType = sourcecode.swift; path = GetAndUpdateUser.swift; sourceTree = "<group>"; };
		524CF8162609E300000E3768 /* GetSessionUser.swift */ = {isa = PBXFileReference; lastKnownFileType = sourcecode.swift; path = GetSessionUser.swift; sourceTree = "<group>"; };
		524CF8192609E3C1000E3768 /* SingleUser.swift */ = {isa = PBXFileReference; lastKnownFileType = sourcecode.swift; name = SingleUser.swift; path = "FMS/Screens/Main Screen/Networking/SingleUser.swift"; sourceTree = SOURCE_ROOT; };
		524D6EFE260EEAFF0032CA07 /* EditingProjectsVC.swift */ = {isa = PBXFileReference; lastKnownFileType = sourcecode.swift; path = EditingProjectsVC.swift; sourceTree = "<group>"; };
		524D6F01260EEE630032CA07 /* GetSingleProjectByID.swift */ = {isa = PBXFileReference; lastKnownFileType = sourcecode.swift; path = GetSingleProjectByID.swift; sourceTree = "<group>"; };
		5251A55925EF566E00546F71 /* MainViewController.swift */ = {isa = PBXFileReference; lastKnownFileType = sourcecode.swift; path = MainViewController.swift; sourceTree = "<group>"; };
		5251A55E25EF5C0A00546F71 /* Constants.swift */ = {isa = PBXFileReference; lastKnownFileType = sourcecode.swift; path = Constants.swift; sourceTree = "<group>"; };
		5251A56825EF5D9600546F71 /* MainCVCModel.swift */ = {isa = PBXFileReference; lastKnownFileType = sourcecode.swift; path = MainCVCModel.swift; sourceTree = "<group>"; };
		5251B42C25FB7374008A2E22 /* FilterVC.swift */ = {isa = PBXFileReference; lastKnownFileType = sourcecode.swift; path = FilterVC.swift; sourceTree = "<group>"; };
		5252796525EDFE05001FF2CE /* FMS.app */ = {isa = PBXFileReference; explicitFileType = wrapper.application; includeInIndex = 0; path = FMS.app; sourceTree = BUILT_PRODUCTS_DIR; };
		5252796825EDFE06001FF2CE /* AppDelegate.swift */ = {isa = PBXFileReference; lastKnownFileType = sourcecode.swift; path = AppDelegate.swift; sourceTree = "<group>"; };
		5252796A25EDFE06001FF2CE /* SceneDelegate.swift */ = {isa = PBXFileReference; lastKnownFileType = sourcecode.swift; path = SceneDelegate.swift; sourceTree = "<group>"; };
		5252796F25EDFE06001FF2CE /* Base */ = {isa = PBXFileReference; lastKnownFileType = file.storyboard; name = Base; path = Base.lproj/Main.storyboard; sourceTree = "<group>"; };
		5252797425EDFE06001FF2CE /* Base */ = {isa = PBXFileReference; lastKnownFileType = file.storyboard; name = Base; path = Base.lproj/LaunchScreen.storyboard; sourceTree = "<group>"; };
		5252797625EDFE06001FF2CE /* Info.plist */ = {isa = PBXFileReference; lastKnownFileType = text.plist.xml; path = Info.plist; sourceTree = "<group>"; };
		5253A97125FF2C5B00449916 /* DirectionModel.swift */ = {isa = PBXFileReference; lastKnownFileType = sourcecode.swift; path = DirectionModel.swift; sourceTree = "<group>"; };
		5253A97C25FF5EC200449916 /* Assets.xcassets */ = {isa = PBXFileReference; lastKnownFileType = folder.assetcatalog; path = Assets.xcassets; sourceTree = "<group>"; };
		525464AA260DBE080089B03A /* UpdateCounterPartByID.swift */ = {isa = PBXFileReference; lastKnownFileType = sourcecode.swift; path = UpdateCounterPartByID.swift; sourceTree = "<group>"; };
		525464B2260DC3B90089B03A /* ProjectsVC.swift */ = {isa = PBXFileReference; lastKnownFileType = sourcecode.swift; path = ProjectsVC.swift; sourceTree = "<group>"; };
		525464B5260DC60C0089B03A /* ProjectTVCell.swift */ = {isa = PBXFileReference; lastKnownFileType = sourcecode.swift; path = ProjectTVCell.swift; sourceTree = "<group>"; };
		525464B6260DC60C0089B03A /* ProjectTVCell.xib */ = {isa = PBXFileReference; lastKnownFileType = file.xib; path = ProjectTVCell.xib; sourceTree = "<group>"; };
		525464C2260DC92D0089B03A /* GetAllProjects.swift */ = {isa = PBXFileReference; lastKnownFileType = sourcecode.swift; path = GetAllProjects.swift; sourceTree = "<group>"; };
		525464C5260DDDAB0089B03A /* AddingProjectVC.swift */ = {isa = PBXFileReference; lastKnownFileType = sourcecode.swift; path = AddingProjectVC.swift; sourceTree = "<group>"; };
		525464C8260DE0D10089B03A /* CreateProject.swift */ = {isa = PBXFileReference; lastKnownFileType = sourcecode.swift; path = CreateProject.swift; sourceTree = "<group>"; };
		52586CCB2615962A0065E5F3 /* HistoryModel.swift */ = {isa = PBXFileReference; lastKnownFileType = sourcecode.swift; path = HistoryModel.swift; sourceTree = "<group>"; };
		52586CCE261596520065E5F3 /* FetchingAllActions.swift */ = {isa = PBXFileReference; lastKnownFileType = sourcecode.swift; path = FetchingAllActions.swift; sourceTree = "<group>"; };
		5259D61226298B73004B3DC2 /* SectionModel.swift */ = {isa = PBXFileReference; lastKnownFileType = sourcecode.swift; path = SectionModel.swift; sourceTree = "<group>"; };
		525C955E2608B2A400083965 /* TransferByID.swift */ = {isa = PBXFileReference; lastKnownFileType = sourcecode.swift; path = TransferByID.swift; sourceTree = "<group>"; };
		5262BDC12603605400709939 /* CategoryModel.swift */ = {isa = PBXFileReference; lastKnownFileType = sourcecode.swift; path = CategoryModel.swift; sourceTree = "<group>"; };
		5262BDC42603628700709939 /* ProjectModel.swift */ = {isa = PBXFileReference; lastKnownFileType = sourcecode.swift; path = ProjectModel.swift; sourceTree = "<group>"; };
		5264509C2614D23D0007D86C /* UpdateSectionByID.swift */ = {isa = PBXFileReference; lastKnownFileType = sourcecode.swift; path = UpdateSectionByID.swift; sourceTree = "<group>"; };
		5264509F2614D47E0007D86C /* DirectionByIDModel.swift */ = {isa = PBXFileReference; lastKnownFileType = sourcecode.swift; path = DirectionByIDModel.swift; sourceTree = "<group>"; };
		526450A22614D9140007D86C /* CreateCategory.swift */ = {isa = PBXFileReference; lastKnownFileType = sourcecode.swift; path = CreateCategory.swift; sourceTree = "<group>"; };
		526450A52614D92F0007D86C /* GetSingleCategoryByID.swift */ = {isa = PBXFileReference; lastKnownFileType = sourcecode.swift; path = GetSingleCategoryByID.swift; sourceTree = "<group>"; };
		526450A82614D93E0007D86C /* DeleteCategoryByID.swift */ = {isa = PBXFileReference; lastKnownFileType = sourcecode.swift; path = DeleteCategoryByID.swift; sourceTree = "<group>"; };
		526450AB2614D9520007D86C /* UpdateCategoryByID.swift */ = {isa = PBXFileReference; lastKnownFileType = sourcecode.swift; path = UpdateCategoryByID.swift; sourceTree = "<group>"; };
		526450AF2614DD970007D86C /* AddingCategoryVC.swift */ = {isa = PBXFileReference; lastKnownFileType = sourcecode.swift; path = AddingCategoryVC.swift; sourceTree = "<group>"; };
		5266437A25F5D69D0032499D /* AddingVC.swift */ = {isa = PBXFileReference; lastKnownFileType = sourcecode.swift; path = AddingVC.swift; sourceTree = "<group>"; };
		5266438425F5D72C0032499D /* SettingsVC.swift */ = {isa = PBXFileReference; lastKnownFileType = sourcecode.swift; path = SettingsVC.swift; sourceTree = "<group>"; };
		5266438825F5D78C0032499D /* UsersVC.swift */ = {isa = PBXFileReference; lastKnownFileType = sourcecode.swift; path = UsersVC.swift; sourceTree = "<group>"; };
		5266438C25F5D7C90032499D /* AnaliticsVC.swift */ = {isa = PBXFileReference; lastKnownFileType = sourcecode.swift; path = AnaliticsVC.swift; sourceTree = "<group>"; };
		5266438F25F5DF100032499D /* FetchingTransactions.swift */ = {isa = PBXFileReference; lastKnownFileType = sourcecode.swift; path = FetchingTransactions.swift; sourceTree = "<group>"; };
		5266F09825FA1CE200403D22 /* TransactionModel.swift */ = {isa = PBXFileReference; lastKnownFileType = sourcecode.swift; path = TransactionModel.swift; sourceTree = "<group>"; };
		527D60322608526F00620859 /* FetchingAndDeletingTransactions.swift */ = {isa = PBXFileReference; lastKnownFileType = sourcecode.swift; path = FetchingAndDeletingTransactions.swift; sourceTree = "<group>"; };
		527D603726085BEA00620859 /* TransactionByID.swift */ = {isa = PBXFileReference; lastKnownFileType = sourcecode.swift; path = TransactionByID.swift; sourceTree = "<group>"; };
		5284800125FCACF900D82D8F /* FilterModel.swift */ = {isa = PBXFileReference; lastKnownFileType = sourcecode.swift; path = FilterModel.swift; sourceTree = "<group>"; };
		5284800425FCB91D00D82D8F /* FetchingDataFilterScreen.swift */ = {isa = PBXFileReference; lastKnownFileType = sourcecode.swift; path = FetchingDataFilterScreen.swift; sourceTree = "<group>"; };
		5284800725FCBB8100D82D8F /* WalletModel.swift */ = {isa = PBXFileReference; lastKnownFileType = sourcecode.swift; path = WalletModel.swift; sourceTree = "<group>"; };
		5284800A25FCBEB600D82D8F /* CounterAgentsModel.swift */ = {isa = PBXFileReference; lastKnownFileType = sourcecode.swift; path = CounterAgentsModel.swift; sourceTree = "<group>"; };
		528A70B4261ECEE50000B3AB /* AProjectsModel.swift */ = {isa = PBXFileReference; lastKnownFileType = sourcecode.swift; path = AProjectsModel.swift; sourceTree = "<group>"; };
		52927082261C15DC00252E22 /* AnalyticsNetworking.swift */ = {isa = PBXFileReference; lastKnownFileType = sourcecode.swift; path = AnalyticsNetworking.swift; sourceTree = "<group>"; };
		5295635A2614C9C8006A6162 /* EditingSectionVC.swift */ = {isa = PBXFileReference; lastKnownFileType = sourcecode.swift; path = EditingSectionVC.swift; sourceTree = "<group>"; };
		5295635D2614CE22006A6162 /* DeleteSectionByID.swift */ = {isa = PBXFileReference; lastKnownFileType = sourcecode.swift; path = DeleteSectionByID.swift; sourceTree = "<group>"; };
		5297CE8226118B9E002AFA1A /* AdapterAndRetrier.swift */ = {isa = PBXFileReference; lastKnownFileType = sourcecode.swift; path = AdapterAndRetrier.swift; sourceTree = "<group>"; };
		529B86F22614427E00979E1E /* AddingSectionVC.swift */ = {isa = PBXFileReference; lastKnownFileType = sourcecode.swift; path = AddingSectionVC.swift; sourceTree = "<group>"; };
		529B86FB2614461700979E1E /* CreateSection.swift */ = {isa = PBXFileReference; lastKnownFileType = sourcecode.swift; path = CreateSection.swift; sourceTree = "<group>"; };
		52AE32B9260311490078D76F /* NetworkCreateUser.swift */ = {isa = PBXFileReference; lastKnownFileType = sourcecode.swift; name = NetworkCreateUser.swift; path = "FMS/Screens/Users Screen/Networking/NetworkCreateUser.swift"; sourceTree = SOURCE_ROOT; };
		52CC2BB725F3656400DAA708 /* TabBarViewController.swift */ = {isa = PBXFileReference; lastKnownFileType = sourcecode.swift; path = TabBarViewController.swift; sourceTree = "<group>"; };
		52E5090325F211F80086DF17 /* LoginVC.swift */ = {isa = PBXFileReference; lastKnownFileType = sourcecode.swift; path = LoginVC.swift; sourceTree = "<group>"; };
		52E5090625F212160086DF17 /* ForgotVC.swift */ = {isa = PBXFileReference; lastKnownFileType = sourcecode.swift; path = ForgotVC.swift; sourceTree = "<group>"; };
		52E8B6BF25F9E199002D62A0 /* EditingTransactionsVC.swift */ = {isa = PBXFileReference; lastKnownFileType = sourcecode.swift; path = EditingTransactionsVC.swift; sourceTree = "<group>"; };
		52E8B6C425F9E7C0002D62A0 /* EditingTransferVC.swift */ = {isa = PBXFileReference; lastKnownFileType = sourcecode.swift; path = EditingTransferVC.swift; sourceTree = "<group>"; };
		52E9EC3326145F0500E8E8F4 /* HistoryVC.swift */ = {isa = PBXFileReference; lastKnownFileType = sourcecode.swift; path = HistoryVC.swift; sourceTree = "<group>"; };
		52E9EC372614740100E8E8F4 /* HistoryCVCell.swift */ = {isa = PBXFileReference; lastKnownFileType = sourcecode.swift; path = HistoryCVCell.swift; sourceTree = "<group>"; };
		52E9EC382614740100E8E8F4 /* HistoryCVCell.xib */ = {isa = PBXFileReference; lastKnownFileType = file.xib; path = HistoryCVCell.xib; sourceTree = "<group>"; };
		52F4BA60261D9FED00DFC1DF /* AnalyticsFiltrationVC.swift */ = {isa = PBXFileReference; lastKnownFileType = sourcecode.swift; path = AnalyticsFiltrationVC.swift; sourceTree = "<group>"; };
		C8ECD412727A2B75441A2A38 /* Pods-FMS.release.xcconfig */ = {isa = PBXFileReference; includeInIndex = 1; lastKnownFileType = text.xcconfig; name = "Pods-FMS.release.xcconfig"; path = "Target Support Files/Pods-FMS/Pods-FMS.release.xcconfig"; sourceTree = "<group>"; };
/* End PBXFileReference section */

/* Begin PBXFrameworksBuildPhase section */
		5252796225EDFE05001FF2CE /* Frameworks */ = {
			isa = PBXFrameworksBuildPhase;
			buildActionMask = 2147483647;
			files = (
				053918DDE68C3F5481BB4782 /* Pods_FMS.framework in Frameworks */,
			);
			runOnlyForDeploymentPostprocessing = 0;
		};
/* End PBXFrameworksBuildPhase section */

/* Begin PBXGroup section */
		083C7B527DABDDF8FAC27996 /* Frameworks */ = {
			isa = PBXGroup;
			children = (
				1085DFD258C24FDF8B98CEA7 /* Pods_FMS.framework */,
			);
			name = Frameworks;
			sourceTree = "<group>";
		};
		0CDF03ACAF4AA4625A9E018D /* Pods */ = {
			isa = PBXGroup;
			children = (
				03FF12DAF1FB29727092CC34 /* Pods-FMS.debug.xcconfig */,
				C8ECD412727A2B75441A2A38 /* Pods-FMS.release.xcconfig */,
			);
			path = Pods;
			sourceTree = "<group>";
		};
		522A6ABC26050AB500F638FB /* Networking */ = {
			isa = PBXGroup;
			children = (
				522B24EB26045696005BBFFC /* NetworkGetAllUsers.swift */,
				52AE32B9260311490078D76F /* NetworkCreateUser.swift */,
				524CF8132609DB2C000E3768 /* GetAndUpdateUser.swift */,
			);
			path = Networking;
			sourceTree = "<group>";
		};
		522A6ABD26050AEC00F638FB /* Networking */ = {
			isa = PBXGroup;
			children = (
				5284800425FCB91D00D82D8F /* FetchingDataFilterScreen.swift */,
			);
			path = Networking;
			sourceTree = "<group>";
		};
		52396F4926006F7E00562103 /* TableView Cell */ = {
			isa = PBXGroup;
			children = (
				52396F4A26006FA300562103 /* UserTBCell.swift */,
				52396F4B26006FA300562103 /* UserTBCell.xib */,
			);
			path = "TableView Cell";
			sourceTree = "<group>";
		};
		52429965260F1B980081293C /* Wallets Screen */ = {
			isa = PBXGroup;
			children = (
				52429969260F1BBA0081293C /* Networking */,
				52429968260F1BAF0081293C /* TableViewCell */,
				52429967260F1BA90081293C /* Models */,
				52429966260F1BA30081293C /* Controllers */,
			);
			path = "Wallets Screen";
			sourceTree = "<group>";
		};
		52429966260F1BA30081293C /* Controllers */ = {
			isa = PBXGroup;
			children = (
				5242996A260F1BE00081293C /* WalletsVC.swift */,
				52429975260F236B0081293C /* AddingWalletVC.swift */,
				5242997B260F28FE0081293C /* EditingWalletsVC.swift */,
			);
			path = Controllers;
			sourceTree = "<group>";
		};
		52429967260F1BA90081293C /* Models */ = {
			isa = PBXGroup;
			children = (
			);
			path = Models;
			sourceTree = "<group>";
		};
		52429968260F1BAF0081293C /* TableViewCell */ = {
			isa = PBXGroup;
			children = (
				5242996D260F1D910081293C /* WalletTVCell.swift */,
				5242996E260F1D910081293C /* WalletTVCell.xib */,
			);
			path = TableViewCell;
			sourceTree = "<group>";
		};
		52429969260F1BBA0081293C /* Networking */ = {
			isa = PBXGroup;
			children = (
				52429972260F201F0081293C /* GetAllWallets.swift */,
				52429978260F25C70081293C /* CreateWallet.swift */,
				5242997E260F2A5A0081293C /* GetSingleWalletByID.swift */,
				52429982260F2CBD0081293C /* DeleteWalletByID.swift */,
				52429986260F2DA90081293C /* UpdateWalletByID.swift */,
			);
			path = Networking;
			sourceTree = "<group>";
		};
		52433D2D2613276E00633AA1 /* CategoryTableViewCell */ = {
			isa = PBXGroup;
			children = (
				52433D2E261327A900633AA1 /* CategoryTVCell.swift */,
				52433D2F261327A900633AA1 /* CategoryTVCell.xib */,
			);
			path = CategoryTableViewCell;
			sourceTree = "<group>";
		};
		524365C6260C73A4005A5D09 /* Main Settings Screen */ = {
			isa = PBXGroup;
			children = (
				5266437F25F5D6F90032499D /* Models */,
				5266437E25F5D6F00032499D /* Controllers */,
			);
			path = "Main Settings Screen";
			sourceTree = "<group>";
		};
		524365C7260C73BA005A5D09 /* CounterPart Screen */ = {
			isa = PBXGroup;
			children = (
				524365D6260C7EA1005A5D09 /* Networking */,
				524365CD260C757C005A5D09 /* TableView Cell */,
				524365C9260C73CC005A5D09 /* Models */,
				524365C8260C73C5005A5D09 /* Controllers */,
			);
			path = "CounterPart Screen";
			sourceTree = "<group>";
		};
		524365C8260C73C5005A5D09 /* Controllers */ = {
			isa = PBXGroup;
			children = (
				524365CA260C73E6005A5D09 /* CounterPartVC.swift */,
				524365DD260C8260005A5D09 /* AddingCounterPartVC.swift */,
				5244A6C3260C90D200F4C991 /* EditingCounterPartVC.swift */,
			);
			path = Controllers;
			sourceTree = "<group>";
		};
		524365C9260C73CC005A5D09 /* Models */ = {
			isa = PBXGroup;
			children = (
				524365D3260C77A2005A5D09 /* CounterPartModel.swift */,
			);
			path = Models;
			sourceTree = "<group>";
		};
		524365CD260C757C005A5D09 /* TableView Cell */ = {
			isa = PBXGroup;
			children = (
				524365CE260C75A2005A5D09 /* CounterPartTBCell.swift */,
				524365CF260C75A2005A5D09 /* CounterPartTBCell.xib */,
			);
			path = "TableView Cell";
			sourceTree = "<group>";
		};
		524365D6260C7EA1005A5D09 /* Networking */ = {
			isa = PBXGroup;
			children = (
				524365D7260C7EB2005A5D09 /* GetAllCounterParts.swift */,
				5244A6C0260C896A00F4C991 /* CreateCounterPart.swift */,
				5244A6C6260C94A800F4C991 /* GetCounterPartByID.swift */,
				5244A6C9260C965000F4C991 /* DeleteCounterPart.swift */,
				525464AA260DBE080089B03A /* UpdateCounterPartByID.swift */,
			);
			path = Networking;
			sourceTree = "<group>";
		};
		524CA54626131344006CFFF0 /* Sections Screen */ = {
			isa = PBXGroup;
			children = (
				526450AE2614DD870007D86C /* CategoryChange Controllers */,
				529B86F12614425E00979E1E /* Category Networking */,
				52433D2D2613276E00633AA1 /* CategoryTableViewCell */,
				529B86F02614424300979E1E /* SectionChange Controllers */,
				524CA54A26131366006CFFF0 /* SectionTableViewCell */,
				524CA5492613135F006CFFF0 /* Section Networking */,
				524CA5482613135A006CFFF0 /* Models */,
				524CA54726131353006CFFF0 /* Controllers */,
			);
			path = "Sections Screen";
			sourceTree = "<group>";
		};
		524CA54726131353006CFFF0 /* Controllers */ = {
			isa = PBXGroup;
			children = (
				524CA54C2613138C006CFFF0 /* SectionsVC.swift */,
			);
			path = Controllers;
			sourceTree = "<group>";
		};
		524CA5482613135A006CFFF0 /* Models */ = {
			isa = PBXGroup;
			children = (
				5264509F2614D47E0007D86C /* DirectionByIDModel.swift */,
				521AD973261581F5006E18FA /* CategoryByIDModel.swift */,
			);
			path = Models;
			sourceTree = "<group>";
		};
		524CA5492613135F006CFFF0 /* Section Networking */ = {
			isa = PBXGroup;
			children = (
				524CA5542613187A006CFFF0 /* GetAllSections.swift */,
				529B86FB2614461700979E1E /* CreateSection.swift */,
				521132382614467800BE4592 /* GetSingleSection.swift */,
				5295635D2614CE22006A6162 /* DeleteSectionByID.swift */,
				5264509C2614D23D0007D86C /* UpdateSectionByID.swift */,
			);
			path = "Section Networking";
			sourceTree = "<group>";
		};
		524CA54A26131366006CFFF0 /* SectionTableViewCell */ = {
			isa = PBXGroup;
			children = (
				524CA54F26131616006CFFF0 /* SectionTVCell.swift */,
				524CA55026131616006CFFF0 /* SectionTVCell.xib */,
			);
			path = SectionTableViewCell;
			sourceTree = "<group>";
		};
		5251A55C25EF5A9600546F71 /* MainCVCell */ = {
			isa = PBXGroup;
			children = (
				5220E57A25EE2C470077EB07 /* MainCVC.swift */,
				5220E57B25EE2C470077EB07 /* MainCVC.xib */,
			);
			path = MainCVCell;
			sourceTree = "<group>";
		};
		5251A56125EF5D4F00546F71 /* Controllers */ = {
			isa = PBXGroup;
			children = (
				5251A55925EF566E00546F71 /* MainViewController.swift */,
				52CC2BB725F3656400DAA708 /* TabBarViewController.swift */,
			);
			path = Controllers;
			sourceTree = "<group>";
		};
		5251A56225EF5D5B00546F71 /* Models */ = {
			isa = PBXGroup;
			children = (
				5251A56825EF5D9600546F71 /* MainCVCModel.swift */,
				5266F09825FA1CE200403D22 /* TransactionModel.swift */,
				522A6AB9260507F000F638FB /* IncOutBalModel.swift */,
			);
			path = Models;
			sourceTree = "<group>";
		};
		5251B42925FB7352008A2E22 /* Filter Screen */ = {
			isa = PBXGroup;
			children = (
				522A6ABD26050AEC00F638FB /* Networking */,
				5251B42B25FB7364008A2E22 /* Models */,
				5251B42A25FB735C008A2E22 /* Controllers */,
			);
			path = "Filter Screen";
			sourceTree = "<group>";
		};
		5251B42A25FB735C008A2E22 /* Controllers */ = {
			isa = PBXGroup;
			children = (
				5251B42C25FB7374008A2E22 /* FilterVC.swift */,
			);
			path = Controllers;
			sourceTree = "<group>";
		};
		5251B42B25FB7364008A2E22 /* Models */ = {
			isa = PBXGroup;
			children = (
				5284800125FCACF900D82D8F /* FilterModel.swift */,
				5284800725FCBB8100D82D8F /* WalletModel.swift */,
				5284800A25FCBEB600D82D8F /* CounterAgentsModel.swift */,
				5253A97125FF2C5B00449916 /* DirectionModel.swift */,
				5262BDC12603605400709939 /* CategoryModel.swift */,
				5262BDC42603628700709939 /* ProjectModel.swift */,
				5259D61226298B73004B3DC2 /* SectionModel.swift */,
			);
			path = Models;
			sourceTree = "<group>";
		};
		5252795C25EDFE05001FF2CE = {
			isa = PBXGroup;
			children = (
				5252796725EDFE06001FF2CE /* FMS */,
				5252796625EDFE05001FF2CE /* Products */,
				0CDF03ACAF4AA4625A9E018D /* Pods */,
				083C7B527DABDDF8FAC27996 /* Frameworks */,
			);
			sourceTree = "<group>";
		};
		5252796625EDFE05001FF2CE /* Products */ = {
			isa = PBXGroup;
			children = (
				5252796525EDFE05001FF2CE /* FMS.app */,
			);
			name = Products;
			sourceTree = "<group>";
		};
		5252796725EDFE06001FF2CE /* FMS */ = {
			isa = PBXGroup;
			children = (
				52A3FB8C25F0AFC900FC98D8 /* Fonts */,
				5252798125EDFE8D001FF2CE /* Screens */,
				5252797F25EDFE7A001FF2CE /* Source */,
				5252797E25EDFE58001FF2CE /* VIew */,
				5252797D25EDFE51001FF2CE /* Utilities */,
				5252797625EDFE06001FF2CE /* Info.plist */,
			);
			path = FMS;
			sourceTree = "<group>";
		};
		5252797D25EDFE51001FF2CE /* Utilities */ = {
			isa = PBXGroup;
			children = (
				5297CE8226118B9E002AFA1A /* AdapterAndRetrier.swift */,
				5252797325EDFE06001FF2CE /* LaunchScreen.storyboard */,
				5251A55E25EF5C0A00546F71 /* Constants.swift */,
				52178BA125F690ED001E9C14 /* TabBarController.swift */,
			);
			path = Utilities;
			sourceTree = "<group>";
		};
		5252797E25EDFE58001FF2CE /* VIew */ = {
			isa = PBXGroup;
			children = (
				5252796E25EDFE06001FF2CE /* Main.storyboard */,
			);
			path = VIew;
			sourceTree = "<group>";
		};
		5252797F25EDFE7A001FF2CE /* Source */ = {
			isa = PBXGroup;
			children = (
				5253A97C25FF5EC200449916 /* Assets.xcassets */,
				5252796825EDFE06001FF2CE /* AppDelegate.swift */,
				5252796A25EDFE06001FF2CE /* SceneDelegate.swift */,
			);
			path = Source;
			sourceTree = "<group>";
		};
		5252798025EDFE81001FF2CE /* Analitics Screen */ = {
			isa = PBXGroup;
			children = (
				52927085261C15E000252E22 /* Model */,
				52927081261C15CC00252E22 /* Networking */,
				5266438225F5D70D0032499D /* Controllers */,
			);
			path = "Analitics Screen";
			sourceTree = "<group>";
		};
		5252798125EDFE8D001FF2CE /* Screens */ = {
			isa = PBXGroup;
			children = (
				52E9EC2E26145ECB00E8E8F4 /* History Screen */,
				5251B42925FB7352008A2E22 /* Filter Screen */,
				52E8B6BE25F9E177002D62A0 /* Edtiting Transactions Screens */,
				5266437725F5D66C0032499D /* AddingScreen */,
				5252798525EDFEBF001FF2CE /* Login Screen */,
				5252798425EDFEB8001FF2CE /* Main Screen */,
				5252798325EDFEAD001FF2CE /* Settings Screen */,
				5252798225EDFE96001FF2CE /* Users Screen */,
				5252798025EDFE81001FF2CE /* Analitics Screen */,
			);
			path = Screens;
			sourceTree = "<group>";
		};
		5252798225EDFE96001FF2CE /* Users Screen */ = {
			isa = PBXGroup;
			children = (
				522A6ABC26050AB500F638FB /* Networking */,
				52396F4926006F7E00562103 /* TableView Cell */,
				5266438125F5D7040032499D /* Models */,
				5266438025F5D6FF0032499D /* Controllers */,
			);
			path = "Users Screen";
			sourceTree = "<group>";
		};
		5252798325EDFEAD001FF2CE /* Settings Screen */ = {
			isa = PBXGroup;
			children = (
				524CA54626131344006CFFF0 /* Sections Screen */,
				52429965260F1B980081293C /* Wallets Screen */,
				525464AD260DC3830089B03A /* Projects Screen */,
				524365C7260C73BA005A5D09 /* CounterPart Screen */,
				524365C6260C73A4005A5D09 /* Main Settings Screen */,
			);
			path = "Settings Screen";
			sourceTree = "<group>";
		};
		5252798425EDFEB8001FF2CE /* Main Screen */ = {
			isa = PBXGroup;
			children = (
				52A3A4682604F243000EEF13 /* Networking */,
				5251A56225EF5D5B00546F71 /* Models */,
				5251A56125EF5D4F00546F71 /* Controllers */,
				5251A55C25EF5A9600546F71 /* MainCVCell */,
			);
			path = "Main Screen";
			sourceTree = "<group>";
		};
		5252798525EDFEBF001FF2CE /* Login Screen */ = {
			isa = PBXGroup;
			children = (
				5291ABA725F346E3005A2819 /* Models */,
				5291ABA625F346D4005A2819 /* Controllers */,
			);
			path = "Login Screen";
			sourceTree = "<group>";
		};
		525464AD260DC3830089B03A /* Projects Screen */ = {
			isa = PBXGroup;
			children = (
				525464B1260DC3A30089B03A /* Controllers */,
				525464B0260DC39E0089B03A /* Models */,
				525464AF260DC3940089B03A /* TableView Cell */,
				525464AE260DC38E0089B03A /* Networking */,
			);
			path = "Projects Screen";
			sourceTree = "<group>";
		};
		525464AE260DC38E0089B03A /* Networking */ = {
			isa = PBXGroup;
			children = (
				525464C2260DC92D0089B03A /* GetAllProjects.swift */,
				525464C8260DE0D10089B03A /* CreateProject.swift */,
				524D6F01260EEE630032CA07 /* GetSingleProjectByID.swift */,
				52372771260EF34900FA6247 /* DeleteProject.swift */,
				52372774260EF44500FA6247 /* UpdateProject.swift */,
			);
			path = Networking;
			sourceTree = "<group>";
		};
		525464AF260DC3940089B03A /* TableView Cell */ = {
			isa = PBXGroup;
			children = (
				525464B5260DC60C0089B03A /* ProjectTVCell.swift */,
				525464B6260DC60C0089B03A /* ProjectTVCell.xib */,
			);
			path = "TableView Cell";
			sourceTree = "<group>";
		};
		525464B0260DC39E0089B03A /* Models */ = {
			isa = PBXGroup;
			children = (
			);
			path = Models;
			sourceTree = "<group>";
		};
		525464B1260DC3A30089B03A /* Controllers */ = {
			isa = PBXGroup;
			children = (
				525464B2260DC3B90089B03A /* ProjectsVC.swift */,
				525464C5260DDDAB0089B03A /* AddingProjectVC.swift */,
				524D6EFE260EEAFF0032CA07 /* EditingProjectsVC.swift */,
			);
			path = Controllers;
			sourceTree = "<group>";
		};
		526450AE2614DD870007D86C /* CategoryChange Controllers */ = {
			isa = PBXGroup;
			children = (
				526450AF2614DD970007D86C /* AddingCategoryVC.swift */,
				521AD97026157F3F006E18FA /* EditingCategoryVC.swift */,
			);
			path = "CategoryChange Controllers";
			sourceTree = "<group>";
		};
		5266437725F5D66C0032499D /* AddingScreen */ = {
			isa = PBXGroup;
			children = (
				5266437925F5D6880032499D /* Models */,
				5266437825F5D67F0032499D /* Controllers */,
			);
			path = AddingScreen;
			sourceTree = "<group>";
		};
		5266437825F5D67F0032499D /* Controllers */ = {
			isa = PBXGroup;
			children = (
				5266437A25F5D69D0032499D /* AddingVC.swift */,
			);
			path = Controllers;
			sourceTree = "<group>";
		};
		5266437925F5D6880032499D /* Models */ = {
			isa = PBXGroup;
			children = (
				522B24F12604659B005BBFFC /* NetworkCreateTransaction.swift */,
			);
			path = Models;
			sourceTree = "<group>";
		};
		5266437E25F5D6F00032499D /* Controllers */ = {
			isa = PBXGroup;
			children = (
				5266438425F5D72C0032499D /* SettingsVC.swift */,
			);
			path = Controllers;
			sourceTree = "<group>";
		};
		5266437F25F5D6F90032499D /* Models */ = {
			isa = PBXGroup;
			children = (
			);
			name = Models;
			path = ../Models;
			sourceTree = "<group>";
		};
		5266438025F5D6FF0032499D /* Controllers */ = {
			isa = PBXGroup;
			children = (
				5266438825F5D78C0032499D /* UsersVC.swift */,
				52201E022601D89500334E21 /* UserAddingVC.swift */,
				52201E052601DDD100334E21 /* UserEditingVC.swift */,
			);
			path = Controllers;
			sourceTree = "<group>";
		};
		5266438125F5D7040032499D /* Models */ = {
			isa = PBXGroup;
			children = (
				52271FED260077BF00080BB2 /* UserCellModel.swift */,
				522B24EE2604575A005BBFFC /* AllUsersModel.swift */,
				524CF8192609E3C1000E3768 /* SingleUser.swift */,
			);
			path = Models;
			sourceTree = "<group>";
		};
		5266438225F5D70D0032499D /* Controllers */ = {
			isa = PBXGroup;
			children = (
				5266438C25F5D7C90032499D /* AnaliticsVC.swift */,
				52F4BA60261D9FED00DFC1DF /* AnalyticsFiltrationVC.swift */,
			);
			path = Controllers;
			sourceTree = "<group>";
		};
		527D60312608524100620859 /* Models */ = {
			isa = PBXGroup;
			children = (
				527D603726085BEA00620859 /* TransactionByID.swift */,
				525C955E2608B2A400083965 /* TransferByID.swift */,
			);
			path = Models;
			sourceTree = "<group>";
		};
		527D603626085BD800620859 /* Networking */ = {
			isa = PBXGroup;
			children = (
				527D60322608526F00620859 /* FetchingAndDeletingTransactions.swift */,
				524CF8102609B827000E3768 /* UpdatingTransaction.swift */,
			);
			path = Networking;
			sourceTree = "<group>";
		};
		5291ABA625F346D4005A2819 /* Controllers */ = {
			isa = PBXGroup;
			children = (
				52E5090325F211F80086DF17 /* LoginVC.swift */,
				52E5090625F212160086DF17 /* ForgotVC.swift */,
			);
			path = Controllers;
			sourceTree = "<group>";
		};
		5291ABA725F346E3005A2819 /* Models */ = {
			isa = PBXGroup;
			children = (
				524CF8162609E300000E3768 /* GetSessionUser.swift */,
				5225FE4125F347D700CF4009 /* ApiCalling.swift */,
			);
			path = Models;
			sourceTree = "<group>";
		};
		52927081261C15CC00252E22 /* Networking */ = {
			isa = PBXGroup;
			children = (
				52927082261C15DC00252E22 /* AnalyticsNetworking.swift */,
			);
			path = Networking;
			sourceTree = "<group>";
		};
		52927085261C15E000252E22 /* Model */ = {
			isa = PBXGroup;
			children = (
				528A70B4261ECEE50000B3AB /* AProjectsModel.swift */,
				523FDF30262B2AB70099F360 /* AContractorModel.swift */,
			);
			path = Model;
			sourceTree = "<group>";
		};
		529B86F02614424300979E1E /* SectionChange Controllers */ = {
			isa = PBXGroup;
			children = (
				529B86F22614427E00979E1E /* AddingSectionVC.swift */,
				5295635A2614C9C8006A6162 /* EditingSectionVC.swift */,
			);
			path = "SectionChange Controllers";
			sourceTree = "<group>";
		};
		529B86F12614425E00979E1E /* Category Networking */ = {
			isa = PBXGroup;
			children = (
				526450A22614D9140007D86C /* CreateCategory.swift */,
				526450A52614D92F0007D86C /* GetSingleCategoryByID.swift */,
				526450A82614D93E0007D86C /* DeleteCategoryByID.swift */,
				526450AB2614D9520007D86C /* UpdateCategoryByID.swift */,
			);
			path = "Category Networking";
			sourceTree = "<group>";
		};
		52A3A4682604F243000EEF13 /* Networking */ = {
			isa = PBXGroup;
			children = (
				5266438F25F5DF100032499D /* FetchingTransactions.swift */,
			);
			path = Networking;
			sourceTree = "<group>";
		};
		52A3FB8C25F0AFC900FC98D8 /* Fonts */ = {
			isa = PBXGroup;
			children = (
				521F37A925F0B6AB00B3E7D2 /* OpenSans-SemiBold.ttf */,
				521F37A625F0B69000B3E7D2 /* OpenSans-Regular.ttf */,
				521F37A325F0B45D00B3E7D2 /* OpenSans-Bold.ttf */,
			);
			path = Fonts;
			sourceTree = "<group>";
		};
		52E8B6BE25F9E177002D62A0 /* Edtiting Transactions Screens */ = {
			isa = PBXGroup;
			children = (
				527D603626085BD800620859 /* Networking */,
				527D60312608524100620859 /* Models */,
				52E8B6C225F9E19E002D62A0 /* Controllers */,
			);
			path = "Edtiting Transactions Screens";
			sourceTree = "<group>";
		};
		52E8B6C225F9E19E002D62A0 /* Controllers */ = {
			isa = PBXGroup;
			children = (
				52E8B6BF25F9E199002D62A0 /* EditingTransactionsVC.swift */,
				52E8B6C425F9E7C0002D62A0 /* EditingTransferVC.swift */,
			);
			path = Controllers;
			sourceTree = "<group>";
		};
		52E9EC2E26145ECB00E8E8F4 /* History Screen */ = {
			isa = PBXGroup;
			children = (
				52E9EC3226145EE500E8E8F4 /* History CollViewCell */,
				52E9EC3126145EE000E8E8F4 /* Controllers */,
				52E9EC3026145EDA00E8E8F4 /* Model */,
				52E9EC2F26145ED400E8E8F4 /* Networking */,
			);
			path = "History Screen";
			sourceTree = "<group>";
		};
		52E9EC2F26145ED400E8E8F4 /* Networking */ = {
			isa = PBXGroup;
			children = (
				52586CCE261596520065E5F3 /* FetchingAllActions.swift */,
				5239ED9D26329ECE003F8705 /* DeletingHistory.swift */,
			);
			path = Networking;
			sourceTree = "<group>";
		};
		52E9EC3026145EDA00E8E8F4 /* Model */ = {
			isa = PBXGroup;
			children = (
				52586CCB2615962A0065E5F3 /* HistoryModel.swift */,
			);
			path = Model;
			sourceTree = "<group>";
		};
		52E9EC3126145EE000E8E8F4 /* Controllers */ = {
			isa = PBXGroup;
			children = (
				52E9EC3326145F0500E8E8F4 /* HistoryVC.swift */,
			);
			path = Controllers;
			sourceTree = "<group>";
		};
		52E9EC3226145EE500E8E8F4 /* History CollViewCell */ = {
			isa = PBXGroup;
			children = (
				52E9EC372614740100E8E8F4 /* HistoryCVCell.swift */,
				52E9EC382614740100E8E8F4 /* HistoryCVCell.xib */,
			);
			path = "History CollViewCell";
			sourceTree = "<group>";
		};
/* End PBXGroup section */

/* Begin PBXNativeTarget section */
		5252796425EDFE05001FF2CE /* FMS */ = {
			isa = PBXNativeTarget;
			buildConfigurationList = 5252797925EDFE06001FF2CE /* Build configuration list for PBXNativeTarget "FMS" */;
			buildPhases = (
				DACDA1C5D6C53C76C3C50F42 /* [CP] Check Pods Manifest.lock */,
				5252796125EDFE05001FF2CE /* Sources */,
				5252796225EDFE05001FF2CE /* Frameworks */,
				5252796325EDFE05001FF2CE /* Resources */,
				CE188ADAF8E01BC46F752B53 /* [CP] Embed Pods Frameworks */,
			);
			buildRules = (
			);
			dependencies = (
			);
			name = FMS;
			productName = FMS;
			productReference = 5252796525EDFE05001FF2CE /* FMS.app */;
			productType = "com.apple.product-type.application";
		};
/* End PBXNativeTarget section */

/* Begin PBXProject section */
		5252795D25EDFE05001FF2CE /* Project object */ = {
			isa = PBXProject;
			attributes = {
				LastSwiftUpdateCheck = 1240;
				LastUpgradeCheck = 1240;
				TargetAttributes = {
					5252796425EDFE05001FF2CE = {
						CreatedOnToolsVersion = 12.4;
					};
				};
			};
			buildConfigurationList = 5252796025EDFE05001FF2CE /* Build configuration list for PBXProject "FMS" */;
			compatibilityVersion = "Xcode 9.3";
			developmentRegion = en;
			hasScannedForEncodings = 0;
			knownRegions = (
				en,
				Base,
			);
			mainGroup = 5252795C25EDFE05001FF2CE;
			productRefGroup = 5252796625EDFE05001FF2CE /* Products */;
			projectDirPath = "";
			projectRoot = "";
			targets = (
				5252796425EDFE05001FF2CE /* FMS */,
			);
		};
/* End PBXProject section */

/* Begin PBXResourcesBuildPhase section */
		5252796325EDFE05001FF2CE /* Resources */ = {
			isa = PBXResourcesBuildPhase;
			buildActionMask = 2147483647;
			files = (
				52429970260F1D910081293C /* WalletTVCell.xib in Resources */,
				524CA55226131616006CFFF0 /* SectionTVCell.xib in Resources */,
				5252797525EDFE06001FF2CE /* LaunchScreen.storyboard in Resources */,
				5220E57D25EE2C470077EB07 /* MainCVC.xib in Resources */,
				521F37AA25F0B6AB00B3E7D2 /* OpenSans-SemiBold.ttf in Resources */,
				525464B8260DC60C0089B03A /* ProjectTVCell.xib in Resources */,
				521F37A425F0B45D00B3E7D2 /* OpenSans-Bold.ttf in Resources */,
				52396F4D26006FA300562103 /* UserTBCell.xib in Resources */,
				5253A97D25FF5EC300449916 /* Assets.xcassets in Resources */,
				52E9EC3A2614740100E8E8F4 /* HistoryCVCell.xib in Resources */,
				52433D31261327A900633AA1 /* CategoryTVCell.xib in Resources */,
				524365D1260C75A2005A5D09 /* CounterPartTBCell.xib in Resources */,
				521F37A725F0B69000B3E7D2 /* OpenSans-Regular.ttf in Resources */,
				5252797025EDFE06001FF2CE /* Main.storyboard in Resources */,
			);
			runOnlyForDeploymentPostprocessing = 0;
		};
/* End PBXResourcesBuildPhase section */

/* Begin PBXShellScriptBuildPhase section */
		CE188ADAF8E01BC46F752B53 /* [CP] Embed Pods Frameworks */ = {
			isa = PBXShellScriptBuildPhase;
			buildActionMask = 2147483647;
			files = (
			);
			inputFileListPaths = (
				"${PODS_ROOT}/Target Support Files/Pods-FMS/Pods-FMS-frameworks-${CONFIGURATION}-input-files.xcfilelist",
			);
			name = "[CP] Embed Pods Frameworks";
			outputFileListPaths = (
				"${PODS_ROOT}/Target Support Files/Pods-FMS/Pods-FMS-frameworks-${CONFIGURATION}-output-files.xcfilelist",
			);
			runOnlyForDeploymentPostprocessing = 0;
			shellPath = /bin/sh;
			shellScript = "\"${PODS_ROOT}/Target Support Files/Pods-FMS/Pods-FMS-frameworks.sh\"\n";
			showEnvVarsInLog = 0;
		};
		DACDA1C5D6C53C76C3C50F42 /* [CP] Check Pods Manifest.lock */ = {
			isa = PBXShellScriptBuildPhase;
			buildActionMask = 2147483647;
			files = (
			);
			inputFileListPaths = (
			);
			inputPaths = (
				"${PODS_PODFILE_DIR_PATH}/Podfile.lock",
				"${PODS_ROOT}/Manifest.lock",
			);
			name = "[CP] Check Pods Manifest.lock";
			outputFileListPaths = (
			);
			outputPaths = (
				"$(DERIVED_FILE_DIR)/Pods-FMS-checkManifestLockResult.txt",
			);
			runOnlyForDeploymentPostprocessing = 0;
			shellPath = /bin/sh;
			shellScript = "diff \"${PODS_PODFILE_DIR_PATH}/Podfile.lock\" \"${PODS_ROOT}/Manifest.lock\" > /dev/null\nif [ $? != 0 ] ; then\n    # print error to STDERR\n    echo \"error: The sandbox is not in sync with the Podfile.lock. Run 'pod install' or update your CocoaPods installation.\" >&2\n    exit 1\nfi\n# This output is used by Xcode 'outputs' to avoid re-running this script phase.\necho \"SUCCESS\" > \"${SCRIPT_OUTPUT_FILE_0}\"\n";
			showEnvVarsInLog = 0;
		};
/* End PBXShellScriptBuildPhase section */

/* Begin PBXSourcesBuildPhase section */
		5252796125EDFE05001FF2CE /* Sources */ = {
			isa = PBXSourcesBuildPhase;
			buildActionMask = 2147483647;
			files = (
				5242996F260F1D910081293C /* WalletTVCell.swift in Sources */,
				52396F4C26006FA300562103 /* UserTBCell.swift in Sources */,
				524CA5552613187A006CFFF0 /* GetAllSections.swift in Sources */,
				522B24F22604659B005BBFFC /* NetworkCreateTransaction.swift in Sources */,
				527D603826085BEA00620859 /* TransactionByID.swift in Sources */,
				524365D8260C7EB2005A5D09 /* GetAllCounterParts.swift in Sources */,
				52F4BA61261D9FED00DFC1DF /* AnalyticsFiltrationVC.swift in Sources */,
				524CF81A2609E3C1000E3768 /* SingleUser.swift in Sources */,
				5251B42D25FB7374008A2E22 /* FilterVC.swift in Sources */,
				52429979260F25C70081293C /* CreateWallet.swift in Sources */,
				52271FEE260077BF00080BB2 /* UserCellModel.swift in Sources */,
				524365CB260C73E6005A5D09 /* CounterPartVC.swift in Sources */,
				5244A6CA260C965000F4C991 /* DeleteCounterPart.swift in Sources */,
				525C955F2608B2A400083965 /* TransferByID.swift in Sources */,
				5266438525F5D72C0032499D /* SettingsVC.swift in Sources */,
				5251A56925EF5D9600546F71 /* MainCVCModel.swift in Sources */,
				5244A6C1260C896A00F4C991 /* CreateCounterPart.swift in Sources */,
				5266438925F5D78C0032499D /* UsersVC.swift in Sources */,
				527D60332608526F00620859 /* FetchingAndDeletingTransactions.swift in Sources */,
				521132392614467800BE4592 /* GetSingleSection.swift in Sources */,
				52CC2BB825F3656400DAA708 /* TabBarViewController.swift in Sources */,
				52586CCC2615962A0065E5F3 /* HistoryModel.swift in Sources */,
				52E5090725F212160086DF17 /* ForgotVC.swift in Sources */,
				5295635B2614C9C8006A6162 /* EditingSectionVC.swift in Sources */,
				52E9EC3426145F0500E8E8F4 /* HistoryVC.swift in Sources */,
				5284800225FCACF900D82D8F /* FilterModel.swift in Sources */,
				52178BA225F690ED001E9C14 /* TabBarController.swift in Sources */,
				52201E032601D89500334E21 /* UserAddingVC.swift in Sources */,
				525464C6260DDDAB0089B03A /* AddingProjectVC.swift in Sources */,
				52429987260F2DA90081293C /* UpdateWalletByID.swift in Sources */,
				5266439025F5DF100032499D /* FetchingTransactions.swift in Sources */,
				522B24EC26045696005BBFFC /* NetworkGetAllUsers.swift in Sources */,
				5266F09925FA1CE200403D22 /* TransactionModel.swift in Sources */,
				5225FE4225F347D700CF4009 /* ApiCalling.swift in Sources */,
				5253A97225FF2C5B00449916 /* DirectionModel.swift in Sources */,
				5266437B25F5D69D0032499D /* AddingVC.swift in Sources */,
				528A70B5261ECEE50000B3AB /* AProjectsModel.swift in Sources */,
				52429983260F2CBD0081293C /* DeleteWalletByID.swift in Sources */,
				52372772260EF34900FA6247 /* DeleteProject.swift in Sources */,
				52E5090425F211F80086DF17 /* LoginVC.swift in Sources */,
				521AD974261581F5006E18FA /* CategoryByIDModel.swift in Sources */,
				5220E57C25EE2C470077EB07 /* MainCVC.swift in Sources */,
				52372775260EF44500FA6247 /* UpdateProject.swift in Sources */,
				526450B02614DD970007D86C /* AddingCategoryVC.swift in Sources */,
				525464AB260DBE080089B03A /* UpdateCounterPartByID.swift in Sources */,
				5244A6C4260C90D200F4C991 /* EditingCounterPartVC.swift in Sources */,
				522B24EF2604575A005BBFFC /* AllUsersModel.swift in Sources */,
				524365DE260C8260005A5D09 /* AddingCounterPartVC.swift in Sources */,
				5284800B25FCBEB600D82D8F /* CounterAgentsModel.swift in Sources */,
				52AE32BA260311490078D76F /* NetworkCreateUser.swift in Sources */,
				521AD97126157F3F006E18FA /* EditingCategoryVC.swift in Sources */,
				5244A6C7260C94A800F4C991 /* GetCounterPartByID.swift in Sources */,
				52E8B6C025F9E199002D62A0 /* EditingTransactionsVC.swift in Sources */,
				529B86F32614427E00979E1E /* AddingSectionVC.swift in Sources */,
				5239ED9E26329ECE003F8705 /* DeletingHistory.swift in Sources */,
				5297CE8326118B9E002AFA1A /* AdapterAndRetrier.swift in Sources */,
				52586CCF261596520065E5F3 /* FetchingAllActions.swift in Sources */,
				525464B7260DC60C0089B03A /* ProjectTVCell.swift in Sources */,
				5264509D2614D23D0007D86C /* UpdateSectionByID.swift in Sources */,
				524CA55126131616006CFFF0 /* SectionTVCell.swift in Sources */,
				5284800525FCB91D00D82D8F /* FetchingDataFilterScreen.swift in Sources */,
				52429973260F201F0081293C /* GetAllWallets.swift in Sources */,
				5259D61326298B73004B3DC2 /* SectionModel.swift in Sources */,
				5242996B260F1BE00081293C /* WalletsVC.swift in Sources */,
				522A6ABA260507F000F638FB /* IncOutBalModel.swift in Sources */,
				5242997F260F2A5A0081293C /* GetSingleWalletByID.swift in Sources */,
				5252796925EDFE06001FF2CE /* AppDelegate.swift in Sources */,
				526450A62614D92F0007D86C /* GetSingleCategoryByID.swift in Sources */,
				525464C9260DE0D10089B03A /* CreateProject.swift in Sources */,
				526450A92614D93E0007D86C /* DeleteCategoryByID.swift in Sources */,
				524CF8112609B827000E3768 /* UpdatingTransaction.swift in Sources */,
				524365D4260C77A2005A5D09 /* CounterPartModel.swift in Sources */,
				5252796B25EDFE06001FF2CE /* SceneDelegate.swift in Sources */,
				525464B3260DC3B90089B03A /* ProjectsVC.swift in Sources */,
				524CF8172609E300000E3768 /* GetSessionUser.swift in Sources */,
				52429976260F236B0081293C /* AddingWalletVC.swift in Sources */,
				5251A55A25EF566E00546F71 /* MainViewController.swift in Sources */,
				5251A55F25EF5C0A00546F71 /* Constants.swift in Sources */,
				52927083261C15DC00252E22 /* AnalyticsNetworking.swift in Sources */,
				529B86FC2614461700979E1E /* CreateSection.swift in Sources */,
				5284800825FCBB8100D82D8F /* WalletModel.swift in Sources */,
				52E8B6C525F9E7C0002D62A0 /* EditingTransferVC.swift in Sources */,
				52E9EC392614740100E8E8F4 /* HistoryCVCell.swift in Sources */,
				524365D0260C75A2005A5D09 /* CounterPartTBCell.swift in Sources */,
				525464C3260DC92D0089B03A /* GetAllProjects.swift in Sources */,
				524CF8142609DB2C000E3768 /* GetAndUpdateUser.swift in Sources */,
				524CA54D2613138C006CFFF0 /* SectionsVC.swift in Sources */,
				526450A32614D9140007D86C /* CreateCategory.swift in Sources */,
				524D6EFF260EEAFF0032CA07 /* EditingProjectsVC.swift in Sources */,
				5242997C260F28FE0081293C /* EditingWalletsVC.swift in Sources */,
				5262BDC22603605400709939 /* CategoryModel.swift in Sources */,
				52201E062601DDD100334E21 /* UserEditingVC.swift in Sources */,
				5266438D25F5D7C90032499D /* AnaliticsVC.swift in Sources */,
				524D6F02260EEE630032CA07 /* GetSingleProjectByID.swift in Sources */,
				5262BDC52603628700709939 /* ProjectModel.swift in Sources */,
				523FDF31262B2AB70099F360 /* AContractorModel.swift in Sources */,
				52433D30261327A900633AA1 /* CategoryTVCell.swift in Sources */,
				526450A02614D47E0007D86C /* DirectionByIDModel.swift in Sources */,
				5295635E2614CE22006A6162 /* DeleteSectionByID.swift in Sources */,
				526450AC2614D9520007D86C /* UpdateCategoryByID.swift in Sources */,
			);
			runOnlyForDeploymentPostprocessing = 0;
		};
/* End PBXSourcesBuildPhase section */

/* Begin PBXVariantGroup section */
		5252796E25EDFE06001FF2CE /* Main.storyboard */ = {
			isa = PBXVariantGroup;
			children = (
				5252796F25EDFE06001FF2CE /* Base */,
			);
			name = Main.storyboard;
			sourceTree = "<group>";
		};
		5252797325EDFE06001FF2CE /* LaunchScreen.storyboard */ = {
			isa = PBXVariantGroup;
			children = (
				5252797425EDFE06001FF2CE /* Base */,
			);
			name = LaunchScreen.storyboard;
			sourceTree = "<group>";
		};
/* End PBXVariantGroup section */

/* Begin XCBuildConfiguration section */
		5252797725EDFE06001FF2CE /* Debug */ = {
			isa = XCBuildConfiguration;
			buildSettings = {
				ALWAYS_SEARCH_USER_PATHS = NO;
				CLANG_ANALYZER_NONNULL = YES;
				CLANG_ANALYZER_NUMBER_OBJECT_CONVERSION = YES_AGGRESSIVE;
				CLANG_CXX_LANGUAGE_STANDARD = "gnu++14";
				CLANG_CXX_LIBRARY = "libc++";
				CLANG_ENABLE_MODULES = YES;
				CLANG_ENABLE_OBJC_ARC = YES;
				CLANG_ENABLE_OBJC_WEAK = YES;
				CLANG_WARN_BLOCK_CAPTURE_AUTORELEASING = YES;
				CLANG_WARN_BOOL_CONVERSION = YES;
				CLANG_WARN_COMMA = YES;
				CLANG_WARN_CONSTANT_CONVERSION = YES;
				CLANG_WARN_DEPRECATED_OBJC_IMPLEMENTATIONS = YES;
				CLANG_WARN_DIRECT_OBJC_ISA_USAGE = YES_ERROR;
				CLANG_WARN_DOCUMENTATION_COMMENTS = YES;
				CLANG_WARN_EMPTY_BODY = YES;
				CLANG_WARN_ENUM_CONVERSION = YES;
				CLANG_WARN_INFINITE_RECURSION = YES;
				CLANG_WARN_INT_CONVERSION = YES;
				CLANG_WARN_NON_LITERAL_NULL_CONVERSION = YES;
				CLANG_WARN_OBJC_IMPLICIT_RETAIN_SELF = YES;
				CLANG_WARN_OBJC_LITERAL_CONVERSION = YES;
				CLANG_WARN_OBJC_ROOT_CLASS = YES_ERROR;
				CLANG_WARN_QUOTED_INCLUDE_IN_FRAMEWORK_HEADER = YES;
				CLANG_WARN_RANGE_LOOP_ANALYSIS = YES;
				CLANG_WARN_STRICT_PROTOTYPES = YES;
				CLANG_WARN_SUSPICIOUS_MOVE = YES;
				CLANG_WARN_UNGUARDED_AVAILABILITY = YES_AGGRESSIVE;
				CLANG_WARN_UNREACHABLE_CODE = YES;
				CLANG_WARN__DUPLICATE_METHOD_MATCH = YES;
				COPY_PHASE_STRIP = NO;
				DEBUG_INFORMATION_FORMAT = dwarf;
				ENABLE_STRICT_OBJC_MSGSEND = YES;
				ENABLE_TESTABILITY = YES;
				GCC_C_LANGUAGE_STANDARD = gnu11;
				GCC_DYNAMIC_NO_PIC = NO;
				GCC_NO_COMMON_BLOCKS = YES;
				GCC_OPTIMIZATION_LEVEL = 0;
				GCC_PREPROCESSOR_DEFINITIONS = (
					"DEBUG=1",
					"$(inherited)",
				);
				GCC_WARN_64_TO_32_BIT_CONVERSION = YES;
				GCC_WARN_ABOUT_RETURN_TYPE = YES_ERROR;
				GCC_WARN_UNDECLARED_SELECTOR = YES;
				GCC_WARN_UNINITIALIZED_AUTOS = YES_AGGRESSIVE;
				GCC_WARN_UNUSED_FUNCTION = YES;
				GCC_WARN_UNUSED_VARIABLE = YES;
				IPHONEOS_DEPLOYMENT_TARGET = 13.4;
				MTL_ENABLE_DEBUG_INFO = INCLUDE_SOURCE;
				MTL_FAST_MATH = YES;
				ONLY_ACTIVE_ARCH = YES;
				SDKROOT = iphoneos;
				SWIFT_ACTIVE_COMPILATION_CONDITIONS = DEBUG;
				SWIFT_OPTIMIZATION_LEVEL = "-Onone";
			};
			name = Debug;
		};
		5252797825EDFE06001FF2CE /* Release */ = {
			isa = XCBuildConfiguration;
			buildSettings = {
				ALWAYS_SEARCH_USER_PATHS = NO;
				CLANG_ANALYZER_NONNULL = YES;
				CLANG_ANALYZER_NUMBER_OBJECT_CONVERSION = YES_AGGRESSIVE;
				CLANG_CXX_LANGUAGE_STANDARD = "gnu++14";
				CLANG_CXX_LIBRARY = "libc++";
				CLANG_ENABLE_MODULES = YES;
				CLANG_ENABLE_OBJC_ARC = YES;
				CLANG_ENABLE_OBJC_WEAK = YES;
				CLANG_WARN_BLOCK_CAPTURE_AUTORELEASING = YES;
				CLANG_WARN_BOOL_CONVERSION = YES;
				CLANG_WARN_COMMA = YES;
				CLANG_WARN_CONSTANT_CONVERSION = YES;
				CLANG_WARN_DEPRECATED_OBJC_IMPLEMENTATIONS = YES;
				CLANG_WARN_DIRECT_OBJC_ISA_USAGE = YES_ERROR;
				CLANG_WARN_DOCUMENTATION_COMMENTS = YES;
				CLANG_WARN_EMPTY_BODY = YES;
				CLANG_WARN_ENUM_CONVERSION = YES;
				CLANG_WARN_INFINITE_RECURSION = YES;
				CLANG_WARN_INT_CONVERSION = YES;
				CLANG_WARN_NON_LITERAL_NULL_CONVERSION = YES;
				CLANG_WARN_OBJC_IMPLICIT_RETAIN_SELF = YES;
				CLANG_WARN_OBJC_LITERAL_CONVERSION = YES;
				CLANG_WARN_OBJC_ROOT_CLASS = YES_ERROR;
				CLANG_WARN_QUOTED_INCLUDE_IN_FRAMEWORK_HEADER = YES;
				CLANG_WARN_RANGE_LOOP_ANALYSIS = YES;
				CLANG_WARN_STRICT_PROTOTYPES = YES;
				CLANG_WARN_SUSPICIOUS_MOVE = YES;
				CLANG_WARN_UNGUARDED_AVAILABILITY = YES_AGGRESSIVE;
				CLANG_WARN_UNREACHABLE_CODE = YES;
				CLANG_WARN__DUPLICATE_METHOD_MATCH = YES;
				COPY_PHASE_STRIP = NO;
				DEBUG_INFORMATION_FORMAT = "dwarf-with-dsym";
				ENABLE_NS_ASSERTIONS = NO;
				ENABLE_STRICT_OBJC_MSGSEND = YES;
				GCC_C_LANGUAGE_STANDARD = gnu11;
				GCC_NO_COMMON_BLOCKS = YES;
				GCC_WARN_64_TO_32_BIT_CONVERSION = YES;
				GCC_WARN_ABOUT_RETURN_TYPE = YES_ERROR;
				GCC_WARN_UNDECLARED_SELECTOR = YES;
				GCC_WARN_UNINITIALIZED_AUTOS = YES_AGGRESSIVE;
				GCC_WARN_UNUSED_FUNCTION = YES;
				GCC_WARN_UNUSED_VARIABLE = YES;
				IPHONEOS_DEPLOYMENT_TARGET = 13.4;
				MTL_ENABLE_DEBUG_INFO = NO;
				MTL_FAST_MATH = YES;
				SDKROOT = iphoneos;
				SWIFT_COMPILATION_MODE = wholemodule;
				SWIFT_OPTIMIZATION_LEVEL = "-O";
				VALIDATE_PRODUCT = YES;
			};
			name = Release;
		};
		5252797A25EDFE06001FF2CE /* Debug */ = {
			isa = XCBuildConfiguration;
			baseConfigurationReference = 03FF12DAF1FB29727092CC34 /* Pods-FMS.debug.xcconfig */;
			buildSettings = {
				ASSETCATALOG_COMPILER_APPICON_NAME = AppIcon;
				ASSETCATALOG_COMPILER_GLOBAL_ACCENT_COLOR_NAME = AccentColor;
				CODE_SIGN_STYLE = Automatic;
				DEVELOPMENT_TEAM = M8QNZ7N62J;
				INFOPLIST_FILE = FMS/Info.plist;
				IPHONEOS_DEPLOYMENT_TARGET = 13.4;
				LD_RUNPATH_SEARCH_PATHS = (
					"$(inherited)",
					"@executable_path/Frameworks",
				);
				PRODUCT_BUNDLE_IDENTIFIER = com.tami.FMS;
				PRODUCT_NAME = "$(TARGET_NAME)";
				SWIFT_VERSION = 5.0;
				TARGETED_DEVICE_FAMILY = 1;
			};
			name = Debug;
		};
		5252797B25EDFE06001FF2CE /* Release */ = {
			isa = XCBuildConfiguration;
			baseConfigurationReference = C8ECD412727A2B75441A2A38 /* Pods-FMS.release.xcconfig */;
			buildSettings = {
				ASSETCATALOG_COMPILER_APPICON_NAME = AppIcon;
				ASSETCATALOG_COMPILER_GLOBAL_ACCENT_COLOR_NAME = AccentColor;
				CODE_SIGN_STYLE = Automatic;
				DEVELOPMENT_TEAM = M8QNZ7N62J;
				INFOPLIST_FILE = FMS/Info.plist;
				IPHONEOS_DEPLOYMENT_TARGET = 13.4;
				LD_RUNPATH_SEARCH_PATHS = (
					"$(inherited)",
					"@executable_path/Frameworks",
				);
				PRODUCT_BUNDLE_IDENTIFIER = com.tami.FMS;
				PRODUCT_NAME = "$(TARGET_NAME)";
				SWIFT_VERSION = 5.0;
				TARGETED_DEVICE_FAMILY = 1;
			};
			name = Release;
		};
/* End XCBuildConfiguration section */

/* Begin XCConfigurationList section */
		5252796025EDFE05001FF2CE /* Build configuration list for PBXProject "FMS" */ = {
			isa = XCConfigurationList;
			buildConfigurations = (
				5252797725EDFE06001FF2CE /* Debug */,
				5252797825EDFE06001FF2CE /* Release */,
			);
			defaultConfigurationIsVisible = 0;
			defaultConfigurationName = Release;
		};
		5252797925EDFE06001FF2CE /* Build configuration list for PBXNativeTarget "FMS" */ = {
			isa = XCConfigurationList;
			buildConfigurations = (
				5252797A25EDFE06001FF2CE /* Debug */,
				5252797B25EDFE06001FF2CE /* Release */,
			);
			defaultConfigurationIsVisible = 0;
			defaultConfigurationName = Release;
		};
/* End XCConfigurationList section */
	};
	rootObject = 5252795D25EDFE05001FF2CE /* Project object */;
}
